
Microsoft Visual Studio Solution File, Format Version 12.00
# Visual Studio Version 17
VisualStudioVersion = 17.7.34024.191
MinimumVisualStudioVersion = 10.0.40219.1
Project("{9A19103F-16F7-4668-BE54-9A1E7A4F7556}") = "Bulky", "Bulky.csproj", "{B4120C93-3A1F-4909-B9EB-6CC9C87C9F89}"
EndProject
Project("{2150E333-8FDC-42A3-9474-1A3956D46DE8}") = "Solution Items", "Solution Items", "{7665EB71-7B5C-4F3C-BBA7-8940F3441D6A}"
	ProjectSection(SolutionItems) = preProject
		.editorconfig = .editorconfig
	EndProjectSection
EndProject
Project("{FAE04EC0-301F-11D3-BF4B-00C04F79EFBC}") = "Bulky.DataAccess", "..\Bulky.DataAccess\Bulky.DataAccess.csproj", "{C55D8A96-5242-47C8-885E-C3CA26E075CA}"
EndProject
Project("{FAE04EC0-301F-11D3-BF4B-00C04F79EFBC}") = "Bulky.Model", "..\Bulky.Model\Bulky.Model.csproj", "{5BCCBE6D-8463-4BE3-9A1A-EAA60F46BAD5}"
EndProject
Project("{FAE04EC0-301F-11D3-BF4B-00C04F79EFBC}") = "Bulky.Utility", "..\Bulky.Utility\Bulky.Utility.csproj", "{9C685E44-94E1-47A8-BF20-833EDC1DF711}"
EndProject
Global
	GlobalSection(SolutionConfigurationPlatforms) = preSolution
		Debug|Any CPU = Debug|Any CPU
		Release|Any CPU = Release|Any CPU
	EndGlobalSection
	GlobalSection(ProjectConfigurationPlatforms) = postSolution
		{B4120C93-3A1F-4909-B9EB-6CC9C87C9F89}.Debug|Any CPU.ActiveCfg = Debug|Any CPU
		{B4120C93-3A1F-4909-B9EB-6CC9C87C9F89}.Debug|Any CPU.Build.0 = Debug|Any CPU
		{B4120C93-3A1F-4909-B9EB-6CC9C87C9F89}.Release|Any CPU.ActiveCfg = Release|Any CPU
		{B4120C93-3A1F-4909-B9EB-6CC9C87C9F89}.Release|Any CPU.Build.0 = Release|Any CPU
		{C55D8A96-5242-47C8-885E-C3CA26E075CA}.Debug|Any CPU.ActiveCfg = Debug|Any CPU
		{C55D8A96-5242-47C8-885E-C3CA26E075CA}.Debug|Any CPU.Build.0 = Debug|Any CPU
		{C55D8A96-5242-47C8-885E-C3CA26E075CA}.Release|Any CPU.ActiveCfg = Release|Any CPU
		{C55D8A96-5242-47C8-885E-C3CA26E075CA}.Release|Any CPU.Build.0 = Release|Any CPU
		{5BCCBE6D-8463-4BE3-9A1A-EAA60F46BAD5}.Debug|Any CPU.ActiveCfg = Debug|Any CPU
		{5BCCBE6D-8463-4BE3-9A1A-EAA60F46BAD5}.Debug|Any CPU.Build.0 = Debug|Any CPU
		{5BCCBE6D-8463-4BE3-9A1A-EAA60F46BAD5}.Release|Any CPU.ActiveCfg = Release|Any CPU
		{5BCCBE6D-8463-4BE3-9A1A-EAA60F46BAD5}.Release|Any CPU.Build.0 = Release|Any CPU
		{9C685E44-94E1-47A8-BF20-833EDC1DF711}.Debug|Any CPU.ActiveCfg = Debug|Any CPU
		{9C685E44-94E1-47A8-BF20-833EDC1DF711}.Debug|Any CPU.Build.0 = Debug|Any CPU
		{9C685E44-94E1-47A8-BF20-833EDC1DF711}.Release|Any CPU.ActiveCfg = Release|Any CPU
		{9C685E44-94E1-47A8-BF20-833EDC1DF711}.Release|Any CPU.Build.0 = Release|Any CPU
	EndGlobalSection
	GlobalSection(SolutionProperties) = preSolution
		HideSolutionNode = FALSE
	EndGlobalSection
	GlobalSection(ExtensibilityGlobals) = postSolution
		SolutionGuid = {CC314820-623D-49E0-AC05-2F2B8455467C}
	EndGlobalSection
EndGlobal
